
Microsoft Visual Studio Solution File, Format Version 12.00
# Visual Studio Version 17
VisualStudioVersion = 17.0.31903.59
MinimumVisualStudioVersion = 10.0.40219.1
Project("{2150E333-8FDC-42A3-9474-1A3956D46DE8}") = "src", "src", "{CDE59B19-FF35-42FA-A5B3-321EEF2809BD}"
EndProject
Project("{FAE04EC0-301F-11D3-BF4B-00C04F79EFBC}") = "OnxFlow.Server.API", "src\OnxFlow.Server.API\OnxFlow.Server.API.csproj", "{B7A87CA5-8176-4594-9EE0-D186BECA3C61}"
EndProject
Project("{2150E333-8FDC-42A3-9474-1A3956D46DE8}") = "tests", "tests", "{42C7F28F-28BC-450C-9739-6BCB6AF05976}"
EndProject
Project("{FAE04EC0-301F-11D3-BF4B-00C04F79EFBC}") = "OnxFlow.Server.API.Tests", "tests\OnxFlow.Server.API.Tests\OnxFlow.Server.API.Tests.csproj", "{34B54B79-D86B-4D92-B343-868E0AE1CE8A}"
EndProject
Global
	GlobalSection(SolutionConfigurationPlatforms) = preSolution
		Debug|Any CPU = Debug|Any CPU
		Release|Any CPU = Release|Any CPU
	EndGlobalSection
	GlobalSection(SolutionProperties) = preSolution
		HideSolutionNode = FALSE
	EndGlobalSection
	GlobalSection(ProjectConfigurationPlatforms) = postSolution
		{B7A87CA5-8176-4594-9EE0-D186BECA3C61}.Debug|Any CPU.ActiveCfg = Debug|Any CPU
		{B7A87CA5-8176-4594-9EE0-D186BECA3C61}.Debug|Any CPU.Build.0 = Debug|Any CPU
		{B7A87CA5-8176-4594-9EE0-D186BECA3C61}.Release|Any CPU.ActiveCfg = Release|Any CPU
		{B7A87CA5-8176-4594-9EE0-D186BECA3C61}.Release|Any CPU.Build.0 = Release|Any CPU
		{34B54B79-D86B-4D92-B343-868E0AE1CE8A}.Debug|Any CPU.ActiveCfg = Debug|Any CPU
		{34B54B79-D86B-4D92-B343-868E0AE1CE8A}.Debug|Any CPU.Build.0 = Debug|Any CPU
		{34B54B79-D86B-4D92-B343-868E0AE1CE8A}.Release|Any CPU.ActiveCfg = Release|Any CPU
		{34B54B79-D86B-4D92-B343-868E0AE1CE8A}.Release|Any CPU.Build.0 = Release|Any CPU
	EndGlobalSection
	GlobalSection(NestedProjects) = preSolution
		{B7A87CA5-8176-4594-9EE0-D186BECA3C61} = {CDE59B19-FF35-42FA-A5B3-321EEF2809BD}
		{34B54B79-D86B-4D92-B343-868E0AE1CE8A} = {42C7F28F-28BC-450C-9739-6BCB6AF05976}
	EndGlobalSection
EndGlobal
